// !$*UTF8*$!
{
	archiveVersion = 1;
	classes = {
	};
	objectVersion = 56;
	objects = {

/* Begin PBXBuildFile section */
		1A4538612A1E84FB0014D480 /* ProductsViewModel.swift in Sources */ = {isa = PBXBuildFile; fileRef = 1A4538602A1E84FB0014D480 /* ProductsViewModel.swift */; };
		1A4538642A1E88020014D480 /* Kingfisher in Frameworks */ = {isa = PBXBuildFile; productRef = 1A4538632A1E88020014D480 /* Kingfisher */; };
		5339518C2A2A21E700EBC16C /* ResizedImage.swift in Sources */ = {isa = PBXBuildFile; fileRef = 5339518B2A2A21E700EBC16C /* ResizedImage.swift */; };
		533951902A2A2B3100EBC16C /* ShrinkButtonStyle.swift in Sources */ = {isa = PBXBuildFile; fileRef = 5339518F2A2A2B3100EBC16C /* ShrinkButtonStyle.swift */; };
		533951922A2A2DA400EBC16C /* Popup.swift in Sources */ = {isa = PBXBuildFile; fileRef = 533951912A2A2DA400EBC16C /* Popup.swift */; };
		533D5D4B2A2648B9005F520E /* FavoriteButton.swift in Sources */ = {isa = PBXBuildFile; fileRef = 533D5D4A2A2648B9005F520E /* FavoriteButton.swift */; };
		533D5D4D2A264BBC005F520E /* Preview.swift in Sources */ = {isa = PBXBuildFile; fileRef = 533D5D4C2A264BBC005F520E /* Preview.swift */; };
		53471F552A0F5D4400E2E365 /* ProductDetailView.swift in Sources */ = {isa = PBXBuildFile; fileRef = 53471F542A0F5D4400E2E365 /* ProductDetailView.swift */; };
		53471F572A11075B00E2E365 /* reviewBox.swift in Sources */ = {isa = PBXBuildFile; fileRef = 53471F562A11075B00E2E365 /* reviewBox.swift */; };
		53471F592A1139D200E2E365 /* Review.swift in Sources */ = {isa = PBXBuildFile; fileRef = 53471F582A1139D200E2E365 /* Review.swift */; };
		5350F1D82A037627003C1E1C /* FundingProduct.swift in Sources */ = {isa = PBXBuildFile; fileRef = 5350F1D72A037627003C1E1C /* FundingProduct.swift */; };
		537D3CC92A1206E40000676B /* ParticipateView.swift in Sources */ = {isa = PBXBuildFile; fileRef = 537D3CC82A1206E40000676B /* ParticipateView.swift */; };
		539E53222A1A724300631DF9 /* Mypage.swift in Sources */ = {isa = PBXBuildFile; fileRef = 539E53212A1A724300631DF9 /* Mypage.swift */; };
		539E53242A1A726100631DF9 /* ProfileBox.swift in Sources */ = {isa = PBXBuildFile; fileRef = 539E53232A1A726100631DF9 /* ProfileBox.swift */; };
		539E53262A1A79DE00631DF9 /* ParticipateFundListView.swift in Sources */ = {isa = PBXBuildFile; fileRef = 539E53252A1A79DE00631DF9 /* ParticipateFundListView.swift */; };
		539E53282A1A79F700631DF9 /* MyFundListView.swift in Sources */ = {isa = PBXBuildFile; fileRef = 539E53272A1A79F700631DF9 /* MyFundListView.swift */; };
		53DBE4CD2A2CF08F00DF97E0 /* MainTabView.swift in Sources */ = {isa = PBXBuildFile; fileRef = 53DBE4CC2A2CF08F00DF97E0 /* MainTabView.swift */; };
		EF5F78352A1375BE002E0651 /* FirebaseAuth in Frameworks */ = {isa = PBXBuildFile; productRef = EF5F78342A1375BE002E0651 /* FirebaseAuth */; };
		EF5F78372A1375BE002E0651 /* FirebaseFirestore in Frameworks */ = {isa = PBXBuildFile; productRef = EF5F78362A1375BE002E0651 /* FirebaseFirestore */; };
		EF5F78392A1375BE002E0651 /* FirebaseFirestoreSwift in Frameworks */ = {isa = PBXBuildFile; productRef = EF5F78382A1375BE002E0651 /* FirebaseFirestoreSwift */; };
		EF5F783B2A1375BE002E0651 /* FirebaseStorage in Frameworks */ = {isa = PBXBuildFile; productRef = EF5F783A2A1375BE002E0651 /* FirebaseStorage */; };
		EF8B64932A1CACE400E7AEC1 /* KakaoSDK in Frameworks */ = {isa = PBXBuildFile; productRef = EF8B64922A1CACE400E7AEC1 /* KakaoSDK */; };
		EF8B64952A1CB3A000E7AEC1 /* GoogleService-Info.plist in Resources */ = {isa = PBXBuildFile; fileRef = EF5F78312A1374D9002E0651 /* GoogleService-Info.plist */; };
		EF8B64972A1CB70400E7AEC1 /* KakaoAuth.swift in Sources */ = {isa = PBXBuildFile; fileRef = EF8B64962A1CB70400E7AEC1 /* KakaoAuth.swift */; };
		EF8B64992A1CB76F00E7AEC1 /* LoginView.swift in Sources */ = {isa = PBXBuildFile; fileRef = EF8B64982A1CB76F00E7AEC1 /* LoginView.swift */; };
		F598B1572A034BAC005D20F7 /* Home.swift in Sources */ = {isa = PBXBuildFile; fileRef = F598B1562A034BAC005D20F7 /* Home.swift */; };
		F598B1592A034BAD005D20F7 /* Assets.xcassets in Resources */ = {isa = PBXBuildFile; fileRef = F598B1582A034BAD005D20F7 /* Assets.xcassets */; };
		F598B15C2A034BAD005D20F7 /* Preview Assets.xcassets in Resources */ = {isa = PBXBuildFile; fileRef = F598B15B2A034BAD005D20F7 /* Preview Assets.xcassets */; };
		F598B1652A034C55005D20F7 /* AppDelegate.swift in Sources */ = {isa = PBXBuildFile; fileRef = F598B1642A034C55005D20F7 /* AppDelegate.swift */; };
		F598B1672A034C61005D20F7 /* SceneDelegate.swift in Sources */ = {isa = PBXBuildFile; fileRef = F598B1662A034C61005D20F7 /* SceneDelegate.swift */; };
		F598B1702A034DD5005D20F7 /* ProductData.json in Resources */ = {isa = PBXBuildFile; fileRef = F598B16F2A034DD5005D20F7 /* ProductData.json */; };
		F598B1722A034DEF005D20F7 /* LaunchScreen.xib in Resources */ = {isa = PBXBuildFile; fileRef = F598B1712A034DEF005D20F7 /* LaunchScreen.xib */; };
		F5B37DC72A08869800ABDC74 /* Product.swift in Sources */ = {isa = PBXBuildFile; fileRef = F5B37DC62A08869800ABDC74 /* Product.swift */; };
		F5B37DC92A0889D700ABDC74 /* Present.swift in Sources */ = {isa = PBXBuildFile; fileRef = F5B37DC82A0889D700ABDC74 /* Present.swift */; };
		F5B37DCB2A088BDD00ABDC74 /* BundleExtension.swift in Sources */ = {isa = PBXBuildFile; fileRef = F5B37DCA2A088BDD00ABDC74 /* BundleExtension.swift */; };
		F5CD23C52A0672F4008A2171 /* ProgressBar.swift in Sources */ = {isa = PBXBuildFile; fileRef = F5CD23C42A0672F4008A2171 /* ProgressBar.swift */; };
		F5E12CF12A1C7B6400DCE6FF /* ProduceFundingView.swift in Sources */ = {isa = PBXBuildFile; fileRef = F5E12CF02A1C7B6400DCE6FF /* ProduceFundingView.swift */; };
/* End PBXBuildFile section */

/* Begin PBXFileReference section */
		1A4538602A1E84FB0014D480 /* ProductsViewModel.swift */ = {isa = PBXFileReference; lastKnownFileType = sourcecode.swift; path = ProductsViewModel.swift; sourceTree = "<group>"; };
		5339518B2A2A21E700EBC16C /* ResizedImage.swift */ = {isa = PBXFileReference; lastKnownFileType = sourcecode.swift; path = ResizedImage.swift; sourceTree = "<group>"; };
		5339518F2A2A2B3100EBC16C /* ShrinkButtonStyle.swift */ = {isa = PBXFileReference; lastKnownFileType = sourcecode.swift; path = ShrinkButtonStyle.swift; sourceTree = "<group>"; };
		533951912A2A2DA400EBC16C /* Popup.swift */ = {isa = PBXFileReference; lastKnownFileType = sourcecode.swift; path = Popup.swift; sourceTree = "<group>"; };
		533D5D4A2A2648B9005F520E /* FavoriteButton.swift */ = {isa = PBXFileReference; lastKnownFileType = sourcecode.swift; path = FavoriteButton.swift; sourceTree = "<group>"; };
		533D5D4C2A264BBC005F520E /* Preview.swift */ = {isa = PBXFileReference; fileEncoding = 4; lastKnownFileType = sourcecode.swift; name = Preview.swift; path = ../../../SweetSwiftUI/FruitMart/Source/Helper/CustomView/Preview.swift; sourceTree = "<group>"; };
		53471F542A0F5D4400E2E365 /* ProductDetailView.swift */ = {isa = PBXFileReference; lastKnownFileType = sourcecode.swift; path = ProductDetailView.swift; sourceTree = "<group>"; };
		53471F562A11075B00E2E365 /* reviewBox.swift */ = {isa = PBXFileReference; lastKnownFileType = sourcecode.swift; path = reviewBox.swift; sourceTree = "<group>"; };
		53471F582A1139D200E2E365 /* Review.swift */ = {isa = PBXFileReference; lastKnownFileType = sourcecode.swift; path = Review.swift; sourceTree = "<group>"; };
		5350F1D72A037627003C1E1C /* FundingProduct.swift */ = {isa = PBXFileReference; lastKnownFileType = sourcecode.swift; path = FundingProduct.swift; sourceTree = "<group>"; };
		537D3CC82A1206E40000676B /* ParticipateView.swift */ = {isa = PBXFileReference; lastKnownFileType = sourcecode.swift; path = ParticipateView.swift; sourceTree = "<group>"; };
		539E53212A1A724300631DF9 /* Mypage.swift */ = {isa = PBXFileReference; lastKnownFileType = sourcecode.swift; path = Mypage.swift; sourceTree = "<group>"; };
		539E53232A1A726100631DF9 /* ProfileBox.swift */ = {isa = PBXFileReference; lastKnownFileType = sourcecode.swift; path = ProfileBox.swift; sourceTree = "<group>"; };
		539E53252A1A79DE00631DF9 /* ParticipateFundListView.swift */ = {isa = PBXFileReference; lastKnownFileType = sourcecode.swift; path = ParticipateFundListView.swift; sourceTree = "<group>"; };
		539E53272A1A79F700631DF9 /* MyFundListView.swift */ = {isa = PBXFileReference; lastKnownFileType = sourcecode.swift; path = MyFundListView.swift; sourceTree = "<group>"; };
		53DBE4CC2A2CF08F00DF97E0 /* MainTabView.swift */ = {isa = PBXFileReference; lastKnownFileType = sourcecode.swift; path = MainTabView.swift; sourceTree = "<group>"; };
		EF5F78312A1374D9002E0651 /* GoogleService-Info.plist */ = {isa = PBXFileReference; fileEncoding = 4; lastKnownFileType = text.plist.xml; path = "GoogleService-Info.plist"; sourceTree = "<group>"; };
		EF8B64962A1CB70400E7AEC1 /* KakaoAuth.swift */ = {isa = PBXFileReference; lastKnownFileType = sourcecode.swift; path = KakaoAuth.swift; sourceTree = "<group>"; };
		EF8B64982A1CB76F00E7AEC1 /* LoginView.swift */ = {isa = PBXFileReference; lastKnownFileType = sourcecode.swift; path = LoginView.swift; sourceTree = "<group>"; };
		F598B1512A034BAC005D20F7 /* BuddyFund.app */ = {isa = PBXFileReference; explicitFileType = wrapper.application; includeInIndex = 0; path = BuddyFund.app; sourceTree = BUILT_PRODUCTS_DIR; };
		F598B1562A034BAC005D20F7 /* Home.swift */ = {isa = PBXFileReference; lastKnownFileType = sourcecode.swift; path = Home.swift; sourceTree = "<group>"; };
		F598B1582A034BAD005D20F7 /* Assets.xcassets */ = {isa = PBXFileReference; lastKnownFileType = folder.assetcatalog; path = Assets.xcassets; sourceTree = "<group>"; };
		F598B15B2A034BAD005D20F7 /* Preview Assets.xcassets */ = {isa = PBXFileReference; lastKnownFileType = folder.assetcatalog; path = "Preview Assets.xcassets"; sourceTree = "<group>"; };
		F598B1642A034C55005D20F7 /* AppDelegate.swift */ = {isa = PBXFileReference; lastKnownFileType = sourcecode.swift; path = AppDelegate.swift; sourceTree = "<group>"; };
		F598B1662A034C61005D20F7 /* SceneDelegate.swift */ = {isa = PBXFileReference; lastKnownFileType = sourcecode.swift; path = SceneDelegate.swift; sourceTree = "<group>"; };
		F598B16F2A034DD5005D20F7 /* ProductData.json */ = {isa = PBXFileReference; lastKnownFileType = text.json; path = ProductData.json; sourceTree = "<group>"; };
		F598B1712A034DEF005D20F7 /* LaunchScreen.xib */ = {isa = PBXFileReference; lastKnownFileType = file.xib; path = LaunchScreen.xib; sourceTree = "<group>"; };
		F5B37DC62A08869800ABDC74 /* Product.swift */ = {isa = PBXFileReference; lastKnownFileType = sourcecode.swift; path = Product.swift; sourceTree = "<group>"; };
		F5B37DC82A0889D700ABDC74 /* Present.swift */ = {isa = PBXFileReference; lastKnownFileType = sourcecode.swift; path = Present.swift; sourceTree = "<group>"; };
		F5B37DCA2A088BDD00ABDC74 /* BundleExtension.swift */ = {isa = PBXFileReference; lastKnownFileType = sourcecode.swift; path = BundleExtension.swift; sourceTree = "<group>"; };
		F5CD23C42A0672F4008A2171 /* ProgressBar.swift */ = {isa = PBXFileReference; lastKnownFileType = sourcecode.swift; path = ProgressBar.swift; sourceTree = "<group>"; };
		F5E12CF02A1C7B6400DCE6FF /* ProduceFundingView.swift */ = {isa = PBXFileReference; lastKnownFileType = sourcecode.swift; path = ProduceFundingView.swift; sourceTree = "<group>"; };
/* End PBXFileReference section */

/* Begin PBXFrameworksBuildPhase section */
		F598B14E2A034BAC005D20F7 /* Frameworks */ = {
			isa = PBXFrameworksBuildPhase;
			buildActionMask = 2147483647;
			files = (
				1A4538642A1E88020014D480 /* Kingfisher in Frameworks */,
				EF5F78352A1375BE002E0651 /* FirebaseAuth in Frameworks */,
				EF8B64932A1CACE400E7AEC1 /* KakaoSDK in Frameworks */,
				EF5F783B2A1375BE002E0651 /* FirebaseStorage in Frameworks */,
				EF5F78372A1375BE002E0651 /* FirebaseFirestore in Frameworks */,
				EF5F78392A1375BE002E0651 /* FirebaseFirestoreSwift in Frameworks */,
			);
			runOnlyForDeploymentPostprocessing = 0;
		};
/* End PBXFrameworksBuildPhase section */

/* Begin PBXGroup section */
		1A45385F2A1E84DE0014D480 /* ViewModel */ = {
			isa = PBXGroup;
			children = (
				1A4538602A1E84FB0014D480 /* ProductsViewModel.swift */,
			);
			path = ViewModel;
			sourceTree = "<group>";
		};
		F598B1482A034BAC005D20F7 = {
			isa = PBXGroup;
			children = (
				F598B1532A034BAC005D20F7 /* BuddyFund */,
				F598B1522A034BAC005D20F7 /* Products */,
			);
			sourceTree = "<group>";
		};
		F598B1522A034BAC005D20F7 /* Products */ = {
			isa = PBXGroup;
			children = (
				F598B1512A034BAC005D20F7 /* BuddyFund.app */,
			);
			name = Products;
			sourceTree = "<group>";
		};
		F598B1532A034BAC005D20F7 /* BuddyFund */ = {
			isa = PBXGroup;
			children = (
				EF5F78312A1374D9002E0651 /* GoogleService-Info.plist */,
				F598B1622A034C3E005D20F7 /* Source */,
				F598B16A2A034C97005D20F7 /* Model */,
				F598B16B2A034CA0005D20F7 /* Helper */,
				F598B16C2A034CEC005D20F7 /* Resource */,
				F598B16E2A034D87005D20F7 /* Supporting Files */,
				F598B15A2A034BAD005D20F7 /* Preview Content */,
			);
			path = BuddyFund;
			sourceTree = "<group>";
		};
		F598B15A2A034BAD005D20F7 /* Preview Content */ = {
			isa = PBXGroup;
			children = (
				F598B15B2A034BAD005D20F7 /* Preview Assets.xcassets */,
			);
			path = "Preview Content";
			sourceTree = "<group>";
		};
		F598B1622A034C3E005D20F7 /* Source */ = {
			isa = PBXGroup;
			children = (
				1A45385F2A1E84DE0014D480 /* ViewModel */,
				F598B1632A034C45005D20F7 /* Application */,
				F598B1682A034C6F005D20F7 /* User Interface */,
			);
			path = Source;
			sourceTree = "<group>";
		};
		F598B1632A034C45005D20F7 /* Application */ = {
			isa = PBXGroup;
			children = (
				F598B1642A034C55005D20F7 /* AppDelegate.swift */,
				F598B1662A034C61005D20F7 /* SceneDelegate.swift */,
			);
			path = Application;
			sourceTree = "<group>";
		};
		F598B1682A034C6F005D20F7 /* User Interface */ = {
			isa = PBXGroup;
			children = (
				F598B1692A034C76005D20F7 /* Home */,
				53DBE4CC2A2CF08F00DF97E0 /* MainTabView.swift */,
			);
			path = "User Interface";
			sourceTree = "<group>";
		};
		F598B1692A034C76005D20F7 /* Home */ = {
			isa = PBXGroup;
			children = (
				F598B1562A034BAC005D20F7 /* Home.swift */,
				5350F1D72A037627003C1E1C /* FundingProduct.swift */,
				F5CD23C42A0672F4008A2171 /* ProgressBar.swift */,
				53471F542A0F5D4400E2E365 /* ProductDetailView.swift */,
				53471F562A11075B00E2E365 /* reviewBox.swift */,
				537D3CC82A1206E40000676B /* ParticipateView.swift */,
				539E53212A1A724300631DF9 /* Mypage.swift */,
				539E53232A1A726100631DF9 /* ProfileBox.swift */,
				539E53252A1A79DE00631DF9 /* ParticipateFundListView.swift */,
				539E53272A1A79F700631DF9 /* MyFundListView.swift */,
				F5E12CF02A1C7B6400DCE6FF /* ProduceFundingView.swift */,
				EF8B64982A1CB76F00E7AEC1 /* LoginView.swift */,
				533D5D4A2A2648B9005F520E /* FavoriteButton.swift */,
			);
			path = Home;
			sourceTree = "<group>";
		};
		F598B16A2A034C97005D20F7 /* Model */ = {
			isa = PBXGroup;
			children = (
				F5B37DC62A08869800ABDC74 /* Product.swift */,
				F5B37DC82A0889D700ABDC74 /* Present.swift */,
				53471F582A1139D200E2E365 /* Review.swift */,
				EF8B64962A1CB70400E7AEC1 /* KakaoAuth.swift */,
			);
			path = Model;
			sourceTree = "<group>";
		};
		F598B16B2A034CA0005D20F7 /* Helper */ = {
			isa = PBXGroup;
			children = (
				5339518B2A2A21E700EBC16C /* ResizedImage.swift */,
				533D5D4C2A264BBC005F520E /* Preview.swift */,
				F5B37DCA2A088BDD00ABDC74 /* BundleExtension.swift */,
				5339518F2A2A2B3100EBC16C /* ShrinkButtonStyle.swift */,
				533951912A2A2DA400EBC16C /* Popup.swift */,
			);
			path = Helper;
			sourceTree = "<group>";
		};
		F598B16C2A034CEC005D20F7 /* Resource */ = {
			isa = PBXGroup;
			children = (
				F598B1582A034BAD005D20F7 /* Assets.xcassets */,
				F598B16F2A034DD5005D20F7 /* ProductData.json */,
			);
			path = Resource;
			sourceTree = "<group>";
		};
		F598B16E2A034D87005D20F7 /* Supporting Files */ = {
			isa = PBXGroup;
			children = (
				F598B1712A034DEF005D20F7 /* LaunchScreen.xib */,
			);
			path = "Supporting Files";
			sourceTree = "<group>";
		};
/* End PBXGroup section */

/* Begin PBXNativeTarget section */
		F598B1502A034BAC005D20F7 /* BuddyFund */ = {
			isa = PBXNativeTarget;
			buildConfigurationList = F598B15F2A034BAD005D20F7 /* Build configuration list for PBXNativeTarget "BuddyFund" */;
			buildPhases = (
				F598B14D2A034BAC005D20F7 /* Sources */,
				F598B14E2A034BAC005D20F7 /* Frameworks */,
				F598B14F2A034BAC005D20F7 /* Resources */,
			);
			buildRules = (
			);
			dependencies = (
			);
			name = BuddyFund;
			packageProductDependencies = (
				EF5F78342A1375BE002E0651 /* FirebaseAuth */,
				EF5F78362A1375BE002E0651 /* FirebaseFirestore */,
				EF5F78382A1375BE002E0651 /* FirebaseFirestoreSwift */,
				EF5F783A2A1375BE002E0651 /* FirebaseStorage */,
				EF8B64922A1CACE400E7AEC1 /* KakaoSDK */,
				1A4538632A1E88020014D480 /* Kingfisher */,
			);
			productName = BuddyFund;
			productReference = F598B1512A034BAC005D20F7 /* BuddyFund.app */;
			productType = "com.apple.product-type.application";
		};
/* End PBXNativeTarget section */

/* Begin PBXProject section */
		F598B1492A034BAC005D20F7 /* Project object */ = {
			isa = PBXProject;
			attributes = {
				BuildIndependentTargetsInParallel = 1;
				LastSwiftUpdateCheck = 1420;
				LastUpgradeCheck = 1420;
				TargetAttributes = {
					F598B1502A034BAC005D20F7 = {
						CreatedOnToolsVersion = 14.2;
					};
				};
			};
			buildConfigurationList = F598B14C2A034BAC005D20F7 /* Build configuration list for PBXProject "BuddyFund" */;
			compatibilityVersion = "Xcode 14.0";
			developmentRegion = en;
			hasScannedForEncodings = 0;
			knownRegions = (
				en,
				Base,
			);
			mainGroup = F598B1482A034BAC005D20F7;
			packageReferences = (
				EF5F78332A1375BE002E0651 /* XCRemoteSwiftPackageReference "firebase-ios-sdk" */,
				EF8B64912A1CACE400E7AEC1 /* XCRemoteSwiftPackageReference "kakao-ios-sdk" */,
				1A4538622A1E88020014D480 /* XCRemoteSwiftPackageReference "Kingfisher" */,
			);
			productRefGroup = F598B1522A034BAC005D20F7 /* Products */;
			projectDirPath = "";
			projectRoot = "";
			targets = (
				F598B1502A034BAC005D20F7 /* BuddyFund */,
			);
		};
/* End PBXProject section */

/* Begin PBXResourcesBuildPhase section */
		F598B14F2A034BAC005D20F7 /* Resources */ = {
			isa = PBXResourcesBuildPhase;
			buildActionMask = 2147483647;
			files = (
				EF8B64952A1CB3A000E7AEC1 /* GoogleService-Info.plist in Resources */,
				F598B1722A034DEF005D20F7 /* LaunchScreen.xib in Resources */,
				F598B15C2A034BAD005D20F7 /* Preview Assets.xcassets in Resources */,
				F598B1592A034BAD005D20F7 /* Assets.xcassets in Resources */,
				F598B1702A034DD5005D20F7 /* ProductData.json in Resources */,
			);
			runOnlyForDeploymentPostprocessing = 0;
		};
/* End PBXResourcesBuildPhase section */

/* Begin PBXSourcesBuildPhase section */
		F598B14D2A034BAC005D20F7 /* Sources */ = {
			isa = PBXSourcesBuildPhase;
			buildActionMask = 2147483647;
			files = (
				F598B1652A034C55005D20F7 /* AppDelegate.swift in Sources */,
				5339518C2A2A21E700EBC16C /* ResizedImage.swift in Sources */,
				F598B1572A034BAC005D20F7 /* Home.swift in Sources */,
				533D5D4D2A264BBC005F520E /* Preview.swift in Sources */,
				539E53222A1A724300631DF9 /* Mypage.swift in Sources */,
				F598B1672A034C61005D20F7 /* SceneDelegate.swift in Sources */,
				539E53262A1A79DE00631DF9 /* ParticipateFundListView.swift in Sources */,
				53DBE4CD2A2CF08F00DF97E0 /* MainTabView.swift in Sources */,
				F5CD23C52A0672F4008A2171 /* ProgressBar.swift in Sources */,
				5350F1D82A037627003C1E1C /* FundingProduct.swift in Sources */,
				537D3CC92A1206E40000676B /* ParticipateView.swift in Sources */,
				539E53242A1A726100631DF9 /* ProfileBox.swift in Sources */,
				EF8B64972A1CB70400E7AEC1 /* KakaoAuth.swift in Sources */,
				539E53282A1A79F700631DF9 /* MyFundListView.swift in Sources */,
				F5B37DC92A0889D700ABDC74 /* Present.swift in Sources */,
				53471F592A1139D200E2E365 /* Review.swift in Sources */,
				F5B37DC72A08869800ABDC74 /* Product.swift in Sources */,
				1A4538612A1E84FB0014D480 /* ProductsViewModel.swift in Sources */,
				53471F572A11075B00E2E365 /* reviewBox.swift in Sources */,
				F5B37DCB2A088BDD00ABDC74 /* BundleExtension.swift in Sources */,
				EF8B64992A1CB76F00E7AEC1 /* LoginView.swift in Sources */,
				533D5D4B2A2648B9005F520E /* FavoriteButton.swift in Sources */,
				53471F552A0F5D4400E2E365 /* ProductDetailView.swift in Sources */,
				533951922A2A2DA400EBC16C /* Popup.swift in Sources */,
				533951902A2A2B3100EBC16C /* ShrinkButtonStyle.swift in Sources */,
				F5E12CF12A1C7B6400DCE6FF /* ProduceFundingView.swift in Sources */,
			);
			runOnlyForDeploymentPostprocessing = 0;
		};
/* End PBXSourcesBuildPhase section */

/* Begin XCBuildConfiguration section */
		F598B15D2A034BAD005D20F7 /* Debug */ = {
			isa = XCBuildConfiguration;
			buildSettings = {
				ALWAYS_SEARCH_USER_PATHS = NO;
				CLANG_ANALYZER_NONNULL = YES;
				CLANG_ANALYZER_NUMBER_OBJECT_CONVERSION = YES_AGGRESSIVE;
				CLANG_CXX_LANGUAGE_STANDARD = "gnu++20";
				CLANG_ENABLE_MODULES = YES;
				CLANG_ENABLE_OBJC_ARC = YES;
				CLANG_ENABLE_OBJC_WEAK = YES;
				CLANG_WARN_BLOCK_CAPTURE_AUTORELEASING = YES;
				CLANG_WARN_BOOL_CONVERSION = YES;
				CLANG_WARN_COMMA = YES;
				CLANG_WARN_CONSTANT_CONVERSION = YES;
				CLANG_WARN_DEPRECATED_OBJC_IMPLEMENTATIONS = YES;
				CLANG_WARN_DIRECT_OBJC_ISA_USAGE = YES_ERROR;
				CLANG_WARN_DOCUMENTATION_COMMENTS = YES;
				CLANG_WARN_EMPTY_BODY = YES;
				CLANG_WARN_ENUM_CONVERSION = YES;
				CLANG_WARN_INFINITE_RECURSION = YES;
				CLANG_WARN_INT_CONVERSION = YES;
				CLANG_WARN_NON_LITERAL_NULL_CONVERSION = YES;
				CLANG_WARN_OBJC_IMPLICIT_RETAIN_SELF = YES;
				CLANG_WARN_OBJC_LITERAL_CONVERSION = YES;
				CLANG_WARN_OBJC_ROOT_CLASS = YES_ERROR;
				CLANG_WARN_QUOTED_INCLUDE_IN_FRAMEWORK_HEADER = YES;
				CLANG_WARN_RANGE_LOOP_ANALYSIS = YES;
				CLANG_WARN_STRICT_PROTOTYPES = YES;
				CLANG_WARN_SUSPICIOUS_MOVE = YES;
				CLANG_WARN_UNGUARDED_AVAILABILITY = YES_AGGRESSIVE;
				CLANG_WARN_UNREACHABLE_CODE = YES;
				CLANG_WARN__DUPLICATE_METHOD_MATCH = YES;
				COPY_PHASE_STRIP = NO;
				DEBUG_INFORMATION_FORMAT = dwarf;
				ENABLE_STRICT_OBJC_MSGSEND = YES;
				ENABLE_TESTABILITY = YES;
				GCC_C_LANGUAGE_STANDARD = gnu11;
				GCC_DYNAMIC_NO_PIC = NO;
				GCC_NO_COMMON_BLOCKS = YES;
				GCC_OPTIMIZATION_LEVEL = 0;
				GCC_PREPROCESSOR_DEFINITIONS = (
					"DEBUG=1",
					"$(inherited)",
				);
				GCC_WARN_64_TO_32_BIT_CONVERSION = YES;
				GCC_WARN_ABOUT_RETURN_TYPE = YES_ERROR;
				GCC_WARN_UNDECLARED_SELECTOR = YES;
				GCC_WARN_UNINITIALIZED_AUTOS = YES_AGGRESSIVE;
				GCC_WARN_UNUSED_FUNCTION = YES;
				GCC_WARN_UNUSED_VARIABLE = YES;
				IPHONEOS_DEPLOYMENT_TARGET = 16.2;
				MTL_ENABLE_DEBUG_INFO = INCLUDE_SOURCE;
				MTL_FAST_MATH = YES;
				ONLY_ACTIVE_ARCH = YES;
				SDKROOT = iphoneos;
				SWIFT_ACTIVE_COMPILATION_CONDITIONS = DEBUG;
				SWIFT_OPTIMIZATION_LEVEL = "-Onone";
			};
			name = Debug;
		};
		F598B15E2A034BAD005D20F7 /* Release */ = {
			isa = XCBuildConfiguration;
			buildSettings = {
				ALWAYS_SEARCH_USER_PATHS = NO;
				CLANG_ANALYZER_NONNULL = YES;
				CLANG_ANALYZER_NUMBER_OBJECT_CONVERSION = YES_AGGRESSIVE;
				CLANG_CXX_LANGUAGE_STANDARD = "gnu++20";
				CLANG_ENABLE_MODULES = YES;
				CLANG_ENABLE_OBJC_ARC = YES;
				CLANG_ENABLE_OBJC_WEAK = YES;
				CLANG_WARN_BLOCK_CAPTURE_AUTORELEASING = YES;
				CLANG_WARN_BOOL_CONVERSION = YES;
				CLANG_WARN_COMMA = YES;
				CLANG_WARN_CONSTANT_CONVERSION = YES;
				CLANG_WARN_DEPRECATED_OBJC_IMPLEMENTATIONS = YES;
				CLANG_WARN_DIRECT_OBJC_ISA_USAGE = YES_ERROR;
				CLANG_WARN_DOCUMENTATION_COMMENTS = YES;
				CLANG_WARN_EMPTY_BODY = YES;
				CLANG_WARN_ENUM_CONVERSION = YES;
				CLANG_WARN_INFINITE_RECURSION = YES;
				CLANG_WARN_INT_CONVERSION = YES;
				CLANG_WARN_NON_LITERAL_NULL_CONVERSION = YES;
				CLANG_WARN_OBJC_IMPLICIT_RETAIN_SELF = YES;
				CLANG_WARN_OBJC_LITERAL_CONVERSION = YES;
				CLANG_WARN_OBJC_ROOT_CLASS = YES_ERROR;
				CLANG_WARN_QUOTED_INCLUDE_IN_FRAMEWORK_HEADER = YES;
				CLANG_WARN_RANGE_LOOP_ANALYSIS = YES;
				CLANG_WARN_STRICT_PROTOTYPES = YES;
				CLANG_WARN_SUSPICIOUS_MOVE = YES;
				CLANG_WARN_UNGUARDED_AVAILABILITY = YES_AGGRESSIVE;
				CLANG_WARN_UNREACHABLE_CODE = YES;
				CLANG_WARN__DUPLICATE_METHOD_MATCH = YES;
				COPY_PHASE_STRIP = NO;
				DEBUG_INFORMATION_FORMAT = "dwarf-with-dsym";
				ENABLE_NS_ASSERTIONS = NO;
				ENABLE_STRICT_OBJC_MSGSEND = YES;
				GCC_C_LANGUAGE_STANDARD = gnu11;
				GCC_NO_COMMON_BLOCKS = YES;
				GCC_WARN_64_TO_32_BIT_CONVERSION = YES;
				GCC_WARN_ABOUT_RETURN_TYPE = YES_ERROR;
				GCC_WARN_UNDECLARED_SELECTOR = YES;
				GCC_WARN_UNINITIALIZED_AUTOS = YES_AGGRESSIVE;
				GCC_WARN_UNUSED_FUNCTION = YES;
				GCC_WARN_UNUSED_VARIABLE = YES;
				IPHONEOS_DEPLOYMENT_TARGET = 16.2;
				MTL_ENABLE_DEBUG_INFO = NO;
				MTL_FAST_MATH = YES;
				SDKROOT = iphoneos;
				SWIFT_COMPILATION_MODE = wholemodule;
				SWIFT_OPTIMIZATION_LEVEL = "-O";
				VALIDATE_PRODUCT = YES;
			};
			name = Release;
		};
		F598B1602A034BAD005D20F7 /* Debug */ = {
			isa = XCBuildConfiguration;
			buildSettings = {
				ASSETCATALOG_COMPILER_APPICON_NAME = AppIcon;
				ASSETCATALOG_COMPILER_GLOBAL_ACCENT_COLOR_NAME = AccentColor;
				CODE_SIGN_STYLE = Automatic;
				CURRENT_PROJECT_VERSION = 1;
				DEVELOPMENT_ASSET_PATHS = "\"BuddyFund/Preview Content\"";
				DEVELOPMENT_TEAM = TZV4NQ33P3;
				ENABLE_PREVIEWS = YES;
				GENERATE_INFOPLIST_FILE = YES;
				INFOPLIST_FILE = "BuddyFund/GoogleService-Info.plist";
				INFOPLIST_KEY_UIApplicationSceneManifest_Generation = YES;
				INFOPLIST_KEY_UIApplicationSupportsIndirectInputEvents = YES;
				INFOPLIST_KEY_UILaunchScreen_Generation = YES;
				INFOPLIST_KEY_UISupportedInterfaceOrientations_iPad = "UIInterfaceOrientationPortrait UIInterfaceOrientationPortraitUpsideDown UIInterfaceOrientationLandscapeLeft UIInterfaceOrientationLandscapeRight";
				INFOPLIST_KEY_UISupportedInterfaceOrientations_iPhone = "UIInterfaceOrientationPortrait UIInterfaceOrientationLandscapeLeft UIInterfaceOrientationLandscapeRight";
				LD_RUNPATH_SEARCH_PATHS = (
					"$(inherited)",
					"@executable_path/Frameworks",
				);
				MARKETING_VERSION = 1.0;
				PRODUCT_BUNDLE_IDENTIFIER = kr.ac.knu.comp420.gaarden.BuddyFund;
				PRODUCT_NAME = "$(TARGET_NAME)";
				SWIFT_EMIT_LOC_STRINGS = YES;
				SWIFT_VERSION = 5.0;
				TARGETED_DEVICE_FAMILY = "1,2";
			};
			name = Debug;
		};
		F598B1612A034BAD005D20F7 /* Release */ = {
			isa = XCBuildConfiguration;
			buildSettings = {
				ASSETCATALOG_COMPILER_APPICON_NAME = AppIcon;
				ASSETCATALOG_COMPILER_GLOBAL_ACCENT_COLOR_NAME = AccentColor;
				CODE_SIGN_STYLE = Automatic;
				CURRENT_PROJECT_VERSION = 1;
				DEVELOPMENT_ASSET_PATHS = "\"BuddyFund/Preview Content\"";
				DEVELOPMENT_TEAM = TZV4NQ33P3;
				ENABLE_PREVIEWS = YES;
				GENERATE_INFOPLIST_FILE = YES;
				INFOPLIST_FILE = "BuddyFund/GoogleService-Info.plist";
				INFOPLIST_KEY_UIApplicationSceneManifest_Generation = YES;
				INFOPLIST_KEY_UIApplicationSupportsIndirectInputEvents = YES;
				INFOPLIST_KEY_UILaunchScreen_Generation = YES;
				INFOPLIST_KEY_UISupportedInterfaceOrientations_iPad = "UIInterfaceOrientationPortrait UIInterfaceOrientationPortraitUpsideDown UIInterfaceOrientationLandscapeLeft UIInterfaceOrientationLandscapeRight";
				INFOPLIST_KEY_UISupportedInterfaceOrientations_iPhone = "UIInterfaceOrientationPortrait UIInterfaceOrientationLandscapeLeft UIInterfaceOrientationLandscapeRight";
				LD_RUNPATH_SEARCH_PATHS = (
					"$(inherited)",
					"@executable_path/Frameworks",
				);
				MARKETING_VERSION = 1.0;
				PRODUCT_BUNDLE_IDENTIFIER = kr.ac.knu.comp420.gaarden.BuddyFund;
				PRODUCT_NAME = "$(TARGET_NAME)";
				SWIFT_EMIT_LOC_STRINGS = YES;
				SWIFT_VERSION = 5.0;
				TARGETED_DEVICE_FAMILY = "1,2";
			};
			name = Release;
		};
/* End XCBuildConfiguration section */

/* Begin XCConfigurationList section */
		F598B14C2A034BAC005D20F7 /* Build configuration list for PBXProject "BuddyFund" */ = {
			isa = XCConfigurationList;
			buildConfigurations = (
				F598B15D2A034BAD005D20F7 /* Debug */,
				F598B15E2A034BAD005D20F7 /* Release */,
			);
			defaultConfigurationIsVisible = 0;
			defaultConfigurationName = Release;
		};
		F598B15F2A034BAD005D20F7 /* Build configuration list for PBXNativeTarget "BuddyFund" */ = {
			isa = XCConfigurationList;
			buildConfigurations = (
				F598B1602A034BAD005D20F7 /* Debug */,
				F598B1612A034BAD005D20F7 /* Release */,
			);
			defaultConfigurationIsVisible = 0;
			defaultConfigurationName = Release;
		};
/* End XCConfigurationList section */

/* Begin XCRemoteSwiftPackageReference section */
		1A4538622A1E88020014D480 /* XCRemoteSwiftPackageReference "Kingfisher" */ = {
			isa = XCRemoteSwiftPackageReference;
			repositoryURL = "https://github.com/onevcat/Kingfisher.git";
			requirement = {
				kind = upToNextMajorVersion;
				minimumVersion = 7.0.0;
			};
		};
		EF5F78332A1375BE002E0651 /* XCRemoteSwiftPackageReference "firebase-ios-sdk" */ = {
			isa = XCRemoteSwiftPackageReference;
			repositoryURL = "https://github.com/firebase/firebase-ios-sdk";
			requirement = {
				kind = upToNextMajorVersion;
				minimumVersion = 9.0.0;
			};
		};
		EF8B64912A1CACE400E7AEC1 /* XCRemoteSwiftPackageReference "kakao-ios-sdk" */ = {
			isa = XCRemoteSwiftPackageReference;
			repositoryURL = "https://github.com/kakao/kakao-ios-sdk";
			requirement = {
				branch = master;
				kind = branch;
			};
		};
/* End XCRemoteSwiftPackageReference section */

/* Begin XCSwiftPackageProductDependency section */
		1A4538632A1E88020014D480 /* Kingfisher */ = {
			isa = XCSwiftPackageProductDependency;
			package = 1A4538622A1E88020014D480 /* XCRemoteSwiftPackageReference "Kingfisher" */;
			productName = Kingfisher;
		};
		EF5F78342A1375BE002E0651 /* FirebaseAuth */ = {
			isa = XCSwiftPackageProductDependency;
			package = EF5F78332A1375BE002E0651 /* XCRemoteSwiftPackageReference "firebase-ios-sdk" */;
			productName = FirebaseAuth;
		};
		EF5F78362A1375BE002E0651 /* FirebaseFirestore */ = {
			isa = XCSwiftPackageProductDependency;
			package = EF5F78332A1375BE002E0651 /* XCRemoteSwiftPackageReference "firebase-ios-sdk" */;
			productName = FirebaseFirestore;
		};
		EF5F78382A1375BE002E0651 /* FirebaseFirestoreSwift */ = {
			isa = XCSwiftPackageProductDependency;
			package = EF5F78332A1375BE002E0651 /* XCRemoteSwiftPackageReference "firebase-ios-sdk" */;
			productName = FirebaseFirestoreSwift;
		};
		EF5F783A2A1375BE002E0651 /* FirebaseStorage */ = {
			isa = XCSwiftPackageProductDependency;
			package = EF5F78332A1375BE002E0651 /* XCRemoteSwiftPackageReference "firebase-ios-sdk" */;
			productName = FirebaseStorage;
		};
		EF8B64922A1CACE400E7AEC1 /* KakaoSDK */ = {
			isa = XCSwiftPackageProductDependency;
			package = EF8B64912A1CACE400E7AEC1 /* XCRemoteSwiftPackageReference "kakao-ios-sdk" */;
			productName = KakaoSDK;
		};
/* End XCSwiftPackageProductDependency section */
	};
	rootObject = F598B1492A034BAC005D20F7 /* Project object */;
}
